
Microsoft Visual Studio Solution File, Format Version 12.00
# Visual Studio Version 17
VisualStudioVersion = 17.7.34024.191
MinimumVisualStudioVersion = 10.0.40219.1
Project("{FAE04EC0-301F-11D3-BF4B-00C04F79EFBC}") = "GHAppServer", "GHAppServer.csproj", "{AF0AFB70-54BD-405D-86EA-A719BBD43EE1}"
EndProject
Global
	GlobalSection(SolutionConfigurationPlatforms) = preSolution
		Debug|Any CPU = Debug|Any CPU
		Release|Any CPU = Release|Any CPU
	EndGlobalSection
	GlobalSection(ProjectConfigurationPlatforms) = postSolution
		{AF0AFB70-54BD-405D-86EA-A719BBD43EE1}.Debug|Any CPU.ActiveCfg = Debug|Any CPU
		{AF0AFB70-54BD-405D-86EA-A719BBD43EE1}.Debug|Any CPU.Build.0 = Debug|Any CPU
		{AF0AFB70-54BD-405D-86EA-A719BBD43EE1}.Release|Any CPU.ActiveCfg = Release|Any CPU
		{AF0AFB70-54BD-405D-86EA-A719BBD43EE1}.Release|Any CPU.Build.0 = Release|Any CPU
	EndGlobalSection
	GlobalSection(SolutionProperties) = preSolution
		HideSolutionNode = FALSE
	EndGlobalSection
	GlobalSection(ExtensibilityGlobals) = postSolution
		SolutionGuid = {202B893D-711F-4F26-B872-E36B98DD2836}
	EndGlobalSection
EndGlobal
